
Microsoft Visual Studio Solution File, Format Version 12.00
# Visual Studio Version 17
VisualStudioVersion = 17.3.32819.101
MinimumVisualStudioVersion = 10.0.40219.1
Project("{FAE04EC0-301F-11D3-BF4B-00C04F79EFBC}") = "Medicine_Bank", "Medicine_Bank\Medicine_Bank.csproj", "{889E9639-1F59-4361-8EE0-3AC4085959D7}"
EndProject
Global
	GlobalSection(SolutionConfigurationPlatforms) = preSolution
		Debug|Any CPU = Debug|Any CPU
		Release|Any CPU = Release|Any CPU
	EndGlobalSection
	GlobalSection(ProjectConfigurationPlatforms) = postSolution
		{889E9639-1F59-4361-8EE0-3AC4085959D7}.Debug|Any CPU.ActiveCfg = Debug|Any CPU
		{889E9639-1F59-4361-8EE0-3AC4085959D7}.Debug|Any CPU.Build.0 = Debug|Any CPU
		{889E9639-1F59-4361-8EE0-3AC4085959D7}.Release|Any CPU.ActiveCfg = Release|Any CPU
		{889E9639-1F59-4361-8EE0-3AC4085959D7}.Release|Any CPU.Build.0 = Release|Any CPU
	EndGlobalSection
	GlobalSection(SolutionProperties) = preSolution
		HideSolutionNode = FALSE
	EndGlobalSection
	GlobalSection(ExtensibilityGlobals) = postSolution
		SolutionGuid = {4AD0E85F-E538-4B98-8354-D1181910056B}
	EndGlobalSection
EndGlobal
